// !$*UTF8*$!
{
	archiveVersion = 1;
	classes = {
	};
	objectVersion = 46;
	objects = {

/* Begin PBXBuildFile section */
		032EF0AF276BF7F37F83C1B9 /* Pods_babyFlicks.framework in Frameworks */ = {isa = PBXBuildFile; fileRef = D2F04F74EE268664844A045F /* Pods_babyFlicks.framework */; };
		3A0130A01C56C45A00CD4F35 /* AppDelegate.swift in Sources */ = {isa = PBXBuildFile; fileRef = 3A01309F1C56C45A00CD4F35 /* AppDelegate.swift */; };
		3A0130A51C56C45A00CD4F35 /* Main.storyboard in Resources */ = {isa = PBXBuildFile; fileRef = 3A0130A31C56C45A00CD4F35 /* Main.storyboard */; };
		3A0130A71C56C45A00CD4F35 /* Assets.xcassets in Resources */ = {isa = PBXBuildFile; fileRef = 3A0130A61C56C45A00CD4F35 /* Assets.xcassets */; };
		3A0130AA1C56C45A00CD4F35 /* LaunchScreen.storyboard in Resources */ = {isa = PBXBuildFile; fileRef = 3A0130A81C56C45A00CD4F35 /* LaunchScreen.storyboard */; };
		3A0130B21C56C5F400CD4F35 /* MoviesViewController.swift in Sources */ = {isa = PBXBuildFile; fileRef = 3A0130B11C56C5F400CD4F35 /* MoviesViewController.swift */; };
		3A0130B51C5719D100CD4F35 /* MovieCell.swift in Sources */ = {isa = PBXBuildFile; fileRef = 3A0130B41C5719D100CD4F35 /* MovieCell.swift */; };
		3A0130BA1C5857DB00CD4F35 /* EZLoadingActivity.swift in Sources */ = {isa = PBXBuildFile; fileRef = 3A0130B91C5857DB00CD4F35 /* EZLoadingActivity.swift */; };
		3A0130ED1C5E7DD500CD4F35 /* MovieCollCell.swift in Sources */ = {isa = PBXBuildFile; fileRef = 3A0130EC1C5E7DD500CD4F35 /* MovieCollCell.swift */; };
		3A0130F11C5E8B0D00CD4F35 /* CollectionViewController.swift in Sources */ = {isa = PBXBuildFile; fileRef = 3A0130F01C5E8B0D00CD4F35 /* CollectionViewController.swift */; };
/* End PBXBuildFile section */

/* Begin PBXFileReference section */
		3A01309C1C56C45A00CD4F35 /* babyFlicks.app */ = {isa = PBXFileReference; explicitFileType = wrapper.application; includeInIndex = 0; path = babyFlicks.app; sourceTree = BUILT_PRODUCTS_DIR; };
		3A01309F1C56C45A00CD4F35 /* AppDelegate.swift */ = {isa = PBXFileReference; lastKnownFileType = sourcecode.swift; path = AppDelegate.swift; sourceTree = "<group>"; };
		3A0130A41C56C45A00CD4F35 /* Base */ = {isa = PBXFileReference; lastKnownFileType = file.storyboard; name = Base; path = Base.lproj/Main.storyboard; sourceTree = "<group>"; };
		3A0130A61C56C45A00CD4F35 /* Assets.xcassets */ = {isa = PBXFileReference; lastKnownFileType = folder.assetcatalog; path = Assets.xcassets; sourceTree = "<group>"; };
		3A0130A91C56C45A00CD4F35 /* Base */ = {isa = PBXFileReference; lastKnownFileType = file.storyboard; name = Base; path = Base.lproj/LaunchScreen.storyboard; sourceTree = "<group>"; };
		3A0130AB1C56C45A00CD4F35 /* Info.plist */ = {isa = PBXFileReference; lastKnownFileType = text.plist.xml; path = Info.plist; sourceTree = "<group>"; };
		3A0130B11C56C5F400CD4F35 /* MoviesViewController.swift */ = {isa = PBXFileReference; fileEncoding = 4; lastKnownFileType = sourcecode.swift; path = MoviesViewController.swift; sourceTree = "<group>"; };
		3A0130B41C5719D100CD4F35 /* MovieCell.swift */ = {isa = PBXFileReference; fileEncoding = 4; lastKnownFileType = sourcecode.swift; path = MovieCell.swift; sourceTree = "<group>"; };
		3A0130B91C5857DB00CD4F35 /* EZLoadingActivity.swift */ = {isa = PBXFileReference; fileEncoding = 4; lastKnownFileType = sourcecode.swift; name = EZLoadingActivity.swift; path = Pods/EZLoadingActivity/EZLoadingActivity.swift; sourceTree = SOURCE_ROOT; };
		3A0130EC1C5E7DD500CD4F35 /* MovieCollCell.swift */ = {isa = PBXFileReference; fileEncoding = 4; lastKnownFileType = sourcecode.swift; path = MovieCollCell.swift; sourceTree = "<group>"; };
		3A0130F01C5E8B0D00CD4F35 /* CollectionViewController.swift */ = {isa = PBXFileReference; fileEncoding = 4; lastKnownFileType = sourcecode.swift; path = CollectionViewController.swift; sourceTree = "<group>"; };
		BEF0524E8AAB3ED0215B7FC1 /* Pods-babyFlicks.debug.xcconfig */ = {isa = PBXFileReference; includeInIndex = 1; lastKnownFileType = text.xcconfig; name = "Pods-babyFlicks.debug.xcconfig"; path = "Pods/Target Support Files/Pods-babyFlicks/Pods-babyFlicks.debug.xcconfig"; sourceTree = "<group>"; };
		D2F04F74EE268664844A045F /* Pods_babyFlicks.framework */ = {isa = PBXFileReference; explicitFileType = wrapper.framework; includeInIndex = 0; path = Pods_babyFlicks.framework; sourceTree = BUILT_PRODUCTS_DIR; };
		E48521F36071AA3D4B7C0954 /* Pods-babyFlicks.release.xcconfig */ = {isa = PBXFileReference; includeInIndex = 1; lastKnownFileType = text.xcconfig; name = "Pods-babyFlicks.release.xcconfig"; path = "Pods/Target Support Files/Pods-babyFlicks/Pods-babyFlicks.release.xcconfig"; sourceTree = "<group>"; };
/* End PBXFileReference section */

/* Begin PBXFrameworksBuildPhase section */
		3A0130991C56C45A00CD4F35 /* Frameworks */ = {
			isa = PBXFrameworksBuildPhase;
			buildActionMask = 2147483647;
			files = (
				032EF0AF276BF7F37F83C1B9 /* Pods_babyFlicks.framework in Frameworks */,
			);
			runOnlyForDeploymentPostprocessing = 0;
		};
/* End PBXFrameworksBuildPhase section */

/* Begin PBXGroup section */
		3A0130931C56C45A00CD4F35 = {
			isa = PBXGroup;
			children = (
				3A01309E1C56C45A00CD4F35 /* babyFlicks */,
				3A01309D1C56C45A00CD4F35 /* Products */,
				A8A2A659F2E914C662785C6C /* Pods */,
				9B3DEE1030D6383C6917DBAD /* Frameworks */,
			);
			sourceTree = "<group>";
		};
		3A01309D1C56C45A00CD4F35 /* Products */ = {
			isa = PBXGroup;
			children = (
				3A01309C1C56C45A00CD4F35 /* babyFlicks.app */,
			);
			name = Products;
			sourceTree = "<group>";
		};
		3A01309E1C56C45A00CD4F35 /* babyFlicks */ = {
			isa = PBXGroup;
			children = (
				3A0130B61C5719EA00CD4F35 /* View Controllers */,
				3A0130B31C57199600CD4F35 /* Views */,
				3A01309F1C56C45A00CD4F35 /* AppDelegate.swift */,
				3A0130A31C56C45A00CD4F35 /* Main.storyboard */,
				3A0130A61C56C45A00CD4F35 /* Assets.xcassets */,
				3A0130A81C56C45A00CD4F35 /* LaunchScreen.storyboard */,
				3A0130AB1C56C45A00CD4F35 /* Info.plist */,
			);
			path = babyFlicks;
			sourceTree = "<group>";
		};
		3A0130B31C57199600CD4F35 /* Views */ = {
			isa = PBXGroup;
			children = (
				3A0130B41C5719D100CD4F35 /* MovieCell.swift */,
				3A0130EC1C5E7DD500CD4F35 /* MovieCollCell.swift */,
			);
			name = Views;
			sourceTree = "<group>";
		};
		3A0130B61C5719EA00CD4F35 /* View Controllers */ = {
			isa = PBXGroup;
			children = (
				3A0130B91C5857DB00CD4F35 /* EZLoadingActivity.swift */,
				3A0130B11C56C5F400CD4F35 /* MoviesViewController.swift */,
				3A0130F01C5E8B0D00CD4F35 /* CollectionViewController.swift */,
			);
			name = "View Controllers";
			sourceTree = "<group>";
		};
		9B3DEE1030D6383C6917DBAD /* Frameworks */ = {
			isa = PBXGroup;
			children = (
				D2F04F74EE268664844A045F /* Pods_babyFlicks.framework */,
			);
			name = Frameworks;
			sourceTree = "<group>";
		};
		A8A2A659F2E914C662785C6C /* Pods */ = {
			isa = PBXGroup;
			children = (
				BEF0524E8AAB3ED0215B7FC1 /* Pods-babyFlicks.debug.xcconfig */,
				E48521F36071AA3D4B7C0954 /* Pods-babyFlicks.release.xcconfig */,
			);
			name = Pods;
			sourceTree = "<group>";
		};
/* End PBXGroup section */

/* Begin PBXNativeTarget section */
		3A01309B1C56C45A00CD4F35 /* babyFlicks */ = {
			isa = PBXNativeTarget;
			buildConfigurationList = 3A0130AE1C56C45A00CD4F35 /* Build configuration list for PBXNativeTarget "babyFlicks" */;
			buildPhases = (
				452DE27AD0655F6F62B380A7 /* Check Pods Manifest.lock */,
				3A0130981C56C45A00CD4F35 /* Sources */,
				3A0130991C56C45A00CD4F35 /* Frameworks */,
				3A01309A1C56C45A00CD4F35 /* Resources */,
				D30553F15EDA57D0CE1C0B44 /* Embed Pods Frameworks */,
				13418F466C553956106FD5FD /* Copy Pods Resources */,
			);
			buildRules = (
			);
			dependencies = (
			);
			name = babyFlicks;
			productName = babyFlicks;
			productReference = 3A01309C1C56C45A00CD4F35 /* babyFlicks.app */;
			productType = "com.apple.product-type.application";
		};
/* End PBXNativeTarget section */

/* Begin PBXProject section */
		3A0130941C56C45A00CD4F35 /* Project object */ = {
			isa = PBXProject;
			attributes = {
				LastSwiftUpdateCheck = 0720;
				LastUpgradeCheck = 0720;
				ORGANIZATIONNAME = "Samee Khan";
				TargetAttributes = {
					3A01309B1C56C45A00CD4F35 = {
						CreatedOnToolsVersion = 7.2;
						DevelopmentTeam = AJRZ6BW2P2;
					};
				};
			};
			buildConfigurationList = 3A0130971C56C45A00CD4F35 /* Build configuration list for PBXProject "babyFlicks" */;
			compatibilityVersion = "Xcode 3.2";
			developmentRegion = English;
			hasScannedForEncodings = 0;
			knownRegions = (
				en,
				Base,
			);
			mainGroup = 3A0130931C56C45A00CD4F35;
			productRefGroup = 3A01309D1C56C45A00CD4F35 /* Products */;
			projectDirPath = "";
			projectRoot = "";
			targets = (
				3A01309B1C56C45A00CD4F35 /* babyFlicks */,
			);
		};
/* End PBXProject section */

/* Begin PBXResourcesBuildPhase section */
		3A01309A1C56C45A00CD4F35 /* Resources */ = {
			isa = PBXResourcesBuildPhase;
			buildActionMask = 2147483647;
			files = (
				3A0130AA1C56C45A00CD4F35 /* LaunchScreen.storyboard in Resources */,
				3A0130A71C56C45A00CD4F35 /* Assets.xcassets in Resources */,
				3A0130A51C56C45A00CD4F35 /* Main.storyboard in Resources */,
			);
			runOnlyForDeploymentPostprocessing = 0;
		};
/* End PBXResourcesBuildPhase section */

/* Begin PBXShellScriptBuildPhase section */
		13418F466C553956106FD5FD /* Copy Pods Resources */ = {
			isa = PBXShellScriptBuildPhase;
			buildActionMask = 2147483647;
			files = (
			);
			inputPaths = (
			);
			name = "Copy Pods Resources";
			outputPaths = (
			);
			runOnlyForDeploymentPostprocessing = 0;
			shellPath = /bin/sh;
			shellScript = "\"${SRCROOT}/Pods/Target Support Files/Pods-babyFlicks/Pods-babyFlicks-resources.sh\"\n";
			showEnvVarsInLog = 0;
		};
		452DE27AD0655F6F62B380A7 /* Check Pods Manifest.lock */ = {
			isa = PBXShellScriptBuildPhase;
			buildActionMask = 2147483647;
			files = (
			);
			inputPaths = (
			);
			name = "Check Pods Manifest.lock";
			outputPaths = (
			);
			runOnlyForDeploymentPostprocessing = 0;
			shellPath = /bin/sh;
			shellScript = "diff \"${PODS_ROOT}/../Podfile.lock\" \"${PODS_ROOT}/Manifest.lock\" > /dev/null\nif [[ $? != 0 ]] ; then\n    cat << EOM\nerror: The sandbox is not in sync with the Podfile.lock. Run 'pod install' or update your CocoaPods installation.\nEOM\n    exit 1\nfi\n";
			showEnvVarsInLog = 0;
		};
		D30553F15EDA57D0CE1C0B44 /* Embed Pods Frameworks */ = {
			isa = PBXShellScriptBuildPhase;
			buildActionMask = 2147483647;
			files = (
			);
			inputPaths = (
			);
			name = "Embed Pods Frameworks";
			outputPaths = (
			);
			runOnlyForDeploymentPostprocessing = 0;
			shellPath = /bin/sh;
			shellScript = "\"${SRCROOT}/Pods/Target Support Files/Pods-babyFlicks/Pods-babyFlicks-frameworks.sh\"\n";
			showEnvVarsInLog = 0;
		};
/* End PBXShellScriptBuildPhase section */

/* Begin PBXSourcesBuildPhase section */
		3A0130981C56C45A00CD4F35 /* Sources */ = {
			isa = PBXSourcesBuildPhase;
			buildActionMask = 2147483647;
			files = (
				3A0130F11C5E8B0D00CD4F35 /* CollectionViewController.swift in Sources */,
				3A0130A01C56C45A00CD4F35 /* AppDelegate.swift in Sources */,
				3A0130ED1C5E7DD500CD4F35 /* MovieCollCell.swift in Sources */,
				3A0130BA1C5857DB00CD4F35 /* EZLoadingActivity.swift in Sources */,
				3A0130B21C56C5F400CD4F35 /* MoviesViewController.swift in Sources */,
				3A0130B51C5719D100CD4F35 /* MovieCell.swift in Sources */,
			);
			runOnlyForDeploymentPostprocessing = 0;
		};
/* End PBXSourcesBuildPhase section */

/* Begin PBXVariantGroup section */
		3A0130A31C56C45A00CD4F35 /* Main.storyboard */ = {
			isa = PBXVariantGroup;
			children = (
				3A0130A41C56C45A00CD4F35 /* Base */,
			);
			name = Main.storyboard;
			sourceTree = "<group>";
		};
		3A0130A81C56C45A00CD4F35 /* LaunchScreen.storyboard */ = {
			isa = PBXVariantGroup;
			children = (
				3A0130A91C56C45A00CD4F35 /* Base */,
			);
			name = LaunchScreen.storyboard;
			sourceTree = "<group>";
		};
/* End PBXVariantGroup section */

/* Begin XCBuildConfiguration section */
		3A0130AC1C56C45A00CD4F35 /* Debug */ = {
			isa = XCBuildConfiguration;
			buildSettings = {
				ALWAYS_SEARCH_USER_PATHS = NO;
				CLANG_CXX_LANGUAGE_STANDARD = "gnu++0x";
				CLANG_CXX_LIBRARY = "libc++";
				CLANG_ENABLE_MODULES = YES;
				CLANG_ENABLE_OBJC_ARC = YES;
				CLANG_WARN_BOOL_CONVERSION = YES;
				CLANG_WARN_CONSTANT_CONVERSION = YES;
				CLANG_WARN_DIRECT_OBJC_ISA_USAGE = YES_ERROR;
				CLANG_WARN_EMPTY_BODY = YES;
				CLANG_WARN_ENUM_CONVERSION = YES;
				CLANG_WARN_INT_CONVERSION = YES;
				CLANG_WARN_OBJC_ROOT_CLASS = YES_ERROR;
				CLANG_WARN_UNREACHABLE_CODE = YES;
				CLANG_WARN__DUPLICATE_METHOD_MATCH = YES;
				"CODE_SIGN_IDENTITY[sdk=iphoneos*]" = "iPhone Developer";
				COPY_PHASE_STRIP = NO;
				DEBUG_INFORMATION_FORMAT = dwarf;
				ENABLE_STRICT_OBJC_MSGSEND = YES;
				ENABLE_TESTABILITY = YES;
				GCC_C_LANGUAGE_STANDARD = gnu99;
				GCC_DYNAMIC_NO_PIC = NO;
				GCC_NO_COMMON_BLOCKS = YES;
				GCC_OPTIMIZATION_LEVEL = 0;
				GCC_PREPROCESSOR_DEFINITIONS = (
					"DEBUG=1",
					"$(inherited)",
				);
				GCC_WARN_64_TO_32_BIT_CONVERSION = YES;
				GCC_WARN_ABOUT_RETURN_TYPE = YES_ERROR;
				GCC_WARN_UNDECLARED_SELECTOR = YES;
				GCC_WARN_UNINITIALIZED_AUTOS = YES_AGGRESSIVE;
				GCC_WARN_UNUSED_FUNCTION = YES;
				GCC_WARN_UNUSED_VARIABLE = YES;
				IPHONEOS_DEPLOYMENT_TARGET = 9.2;
				MTL_ENABLE_DEBUG_INFO = YES;
				ONLY_ACTIVE_ARCH = YES;
				SDKROOT = iphoneos;
				SWIFT_OPTIMIZATION_LEVEL = "-Onone";
			};
			name = Debug;
		};
		3A0130AD1C56C45A00CD4F35 /* Release */ = {
			isa = XCBuildConfiguration;
			buildSettings = {
				ALWAYS_SEARCH_USER_PATHS = NO;
				CLANG_CXX_LANGUAGE_STANDARD = "gnu++0x";
				CLANG_CXX_LIBRARY = "libc++";
				CLANG_ENABLE_MODULES = YES;
				CLANG_ENABLE_OBJC_ARC = YES;
				CLANG_WARN_BOOL_CONVERSION = YES;
				CLANG_WARN_CONSTANT_CONVERSION = YES;
				CLANG_WARN_DIRECT_OBJC_ISA_USAGE = YES_ERROR;
				CLANG_WARN_EMPTY_BODY = YES;
				CLANG_WARN_ENUM_CONVERSION = YES;
				CLANG_WARN_INT_CONVERSION = YES;
				CLANG_WARN_OBJC_ROOT_CLASS = YES_ERROR;
				CLANG_WARN_UNREACHABLE_CODE = YES;
				CLANG_WARN__DUPLICATE_METHOD_MATCH = YES;
				"CODE_SIGN_IDENTITY[sdk=iphoneos*]" = "iPhone Developer";
				COPY_PHASE_STRIP = NO;
				DEBUG_INFORMATION_FORMAT = "dwarf-with-dsym";
				ENABLE_NS_ASSERTIONS = NO;
				ENABLE_STRICT_OBJC_MSGSEND = YES;
				GCC_C_LANGUAGE_STANDARD = gnu99;
				GCC_NO_COMMON_BLOCKS = YES;
				GCC_WARN_64_TO_32_BIT_CONVERSION = YES;
				GCC_WARN_ABOUT_RETURN_TYPE = YES_ERROR;
				GCC_WARN_UNDECLARED_SELECTOR = YES;
				GCC_WARN_UNINITIALIZED_AUTOS = YES_AGGRESSIVE;
				GCC_WARN_UNUSED_FUNCTION = YES;
				GCC_WARN_UNUSED_VARIABLE = YES;
				IPHONEOS_DEPLOYMENT_TARGET = 9.2;
				MTL_ENABLE_DEBUG_INFO = NO;
				SDKROOT = iphoneos;
				VALIDATE_PRODUCT = YES;
			};
			name = Release;
		};
		3A0130AF1C56C45A00CD4F35 /* Debug */ = {
			isa = XCBuildConfiguration;
			baseConfigurationReference = BEF0524E8AAB3ED0215B7FC1 /* Pods-babyFlicks.debug.xcconfig */;
			buildSettings = {
				ASSETCATALOG_COMPILER_APPICON_NAME = AppIcon;
				INFOPLIST_FILE = babyFlicks/Info.plist;
				LD_RUNPATH_SEARCH_PATHS = "$(inherited) @executable_path/Frameworks";
				PRODUCT_BUNDLE_IDENTIFIER = codepath.babyFlicks;
				PRODUCT_NAME = "$(TARGET_NAME)";
			};
			name = Debug;
		};
		3A0130B01C56C45A00CD4F35 /* Release */ = {
			isa = XCBuildConfiguration;
			baseConfigurationReference = E48521F36071AA3D4B7C0954 /* Pods-babyFlicks.release.xcconfig */;
			buildSettings = {
				ASSETCATALOG_COMPILER_APPICON_NAME = AppIcon;
				INFOPLIST_FILE = babyFlicks/Info.plist;
				LD_RUNPATH_SEARCH_PATHS = "$(inherited) @executable_path/Frameworks";
				PRODUCT_BUNDLE_IDENTIFIER = codepath.babyFlicks;
				PRODUCT_NAME = "$(TARGET_NAME)";
			};
			name = Release;
		};
/* End XCBuildConfiguration section */

/* Begin XCConfigurationList section */
		3A0130971C56C45A00CD4F35 /* Build configuration list for PBXProject "babyFlicks" */ = {
			isa = XCConfigurationList;
			buildConfigurations = (
				3A0130AC1C56C45A00CD4F35 /* Debug */,
				3A0130AD1C56C45A00CD4F35 /* Release */,
			);
			defaultConfigurationIsVisible = 0;
			defaultConfigurationName = Release;
		};
		3A0130AE1C56C45A00CD4F35 /* Build configuration list for PBXNativeTarget "babyFlicks" */ = {
			isa = XCConfigurationList;
			buildConfigurations = (
				3A0130AF1C56C45A00CD4F35 /* Debug */,
				3A0130B01C56C45A00CD4F35 /* Release */,
			);
			defaultConfigurationIsVisible = 0;
			defaultConfigurationName = Release;
		};
/* End XCConfigurationList section */
	};
	rootObject = 3A0130941C56C45A00CD4F35 /* Project object */;
}
